<?xml version="1.0" encoding="utf-8"?>
<Project ToolsVersion="4.0" xmlns="http://schemas.microsoft.com/developer/msbuild/2003">
  <ItemGroup>
    <Filter Include="KamataEngine">
      <UniqueIdentifier>{4FC737F1-C7A5-4376-A066-2A32D752A2FF}</UniqueIdentifier>
      <Extensions>cpp;c;cc;cxx;c++;cppm;ixx;def;odl;idl;hpj;bat;asm;asmx</Extensions>
    </Filter>
    <Filter Include="KamataEngine\Source">
      <UniqueIdentifier>{d966e9f8-e880-44ae-8586-a08515e4cffc}</UniqueIdentifier>
    </Filter>
    <Filter Include="KamataEngine\Include">
      <UniqueIdentifier>{4aae4e40-94f7-4d32-9a91-c0c37a2edf0d}</UniqueIdentifier>
    </Filter>
    <Filter Include="KamataEngine\Adapter">
      <UniqueIdentifier>{c6468eb4-788b-4a83-b207-a5f4804e56c5}</UniqueIdentifier>
    </Filter>
    <Filter Include="Defines">
      <UniqueIdentifier>{df9f91ec-f65a-4dc1-b78a-44be7dce7e0d}</UniqueIdentifier>
    </Filter>
    <Filter Include="Camera">
      <UniqueIdentifier>{08e1e054-6553-4c4e-b7d9-7c54c97de541}</UniqueIdentifier>
    </Filter>
    <Filter Include="Scene">
      <UniqueIdentifier>{22a59af8-cebc-48b9-8199-a5a17328e8a9}</UniqueIdentifier>
    </Filter>
    <Filter Include="Thwonp">
      <UniqueIdentifier>{b1d9c93e-1c3a-4ecc-9896-dc890adbe46a}</UniqueIdentifier>
    </Filter>
    <Filter Include="DefenceTarget">
      <UniqueIdentifier>{9455181b-6d99-44f9-b628-fb5a8be872be}</UniqueIdentifier>
    </Filter>
  </ItemGroup>
  <ItemGroup>
    <ClCompile Include="C:\KamataEngine\DirectXGame\base\DirectXCommon.cpp">
      <Filter>KamataEngine\Source</Filter>
    </ClCompile>
    <ClCompile Include="C:\KamataEngine\DirectXGame\base\TextureManager.cpp">
      <Filter>KamataEngine\Source</Filter>
    </ClCompile>
    <ClCompile Include="C:\KamataEngine\DirectXGame\scene\GameScene.cpp">
      <Filter>KamataEngine\Source</Filter>
    </ClCompile>
    <ClCompile Include="C:\KamataEngine\DirectXGame\base\WinApp.cpp">
      <Filter>KamataEngine\Source</Filter>
    </ClCompile>
    <ClCompile Include="main.cpp" />
    <ClCompile Include="C:\KamataEngine\Adapter\Novice.cpp">
      <Filter>KamataEngine\Adapter</Filter>
    </ClCompile>
    <ClCompile Include="C:\KamataEngine\DirectXGame\2d\ImGuiManager.cpp">
      <Filter>KamataEngine</Filter>
    </ClCompile>
    <ClCompile Include="C:\KamataEngine\DirectXGame\base\StringUtility.cpp">
      <Filter>KamataEngine\Source</Filter>
    </ClCompile>
    <ClCompile Include="Camera.cpp">
      <Filter>Camera</Filter>
    </ClCompile>
    <ClCompile Include="InGame.cpp">
      <Filter>Scene</Filter>
    </ClCompile>
    <ClCompile Include="Thwomp.cpp">
      <Filter>Thwonp</Filter>
    </ClCompile>
    <ClCompile Include="utils.cpp">
      <Filter>Defines</Filter>
    </ClCompile>
    <ClCompile Include="DefenceTarget.cpp">
      <Filter>DefenceTarget</Filter>
    </ClCompile>
    <ClCompile Include="CrushingWall.cpp">
      <Filter>KamataEngine</Filter>
    </ClCompile>
    <ClCompile Include="Enemy.cpp">
      <Filter>KamataEngine</Filter>
    </ClCompile>
    <ClCompile Include="EnemyManager.cpp">
      <Filter>KamataEngine</Filter>
    </ClCompile>
    <ClCompile Include="Stage.cpp">
      <Filter>KamataEngine</Filter>
    </ClCompile>
    <ClCompile Include="RandomGenerator.cpp">
      <Filter>KamataEngine</Filter>
    </ClCompile>
    <ClCompile Include="SceneManager.cpp">
      <Filter>KamataEngine</Filter>
    </ClCompile>
    <ClCompile Include="Title.cpp">
      <Filter>KamataEngine</Filter>
    </ClCompile>
  </ItemGroup>
  <ItemGroup>
    <ClInclude Include="C:\KamataEngine\DirectXGame\audio\Audio.h">
      <Filter>KamataEngine\Include</Filter>
    </ClInclude>
    <ClInclude Include="C:\KamataEngine\DirectXGame\2d\DebugText.h">
      <Filter>KamataEngine\Include</Filter>
    </ClInclude>
    <ClInclude Include="C:\KamataEngine\DirectXGame\base\DirectXCommon.h">
      <Filter>KamataEngine\Include</Filter>
    </ClInclude>
    <ClInclude Include="C:\KamataEngine\DirectXGame\scene\GameScene.h">
      <Filter>KamataEngine\Include</Filter>
    </ClInclude>
    <ClInclude Include="C:\KamataEngine\DirectXGame\input\Input.h">
      <Filter>KamataEngine\Include</Filter>
    </ClInclude>
    <ClInclude Include="C:\KamataEngine\DirectXGame\3d\Model.h">
      <Filter>KamataEngine\Include</Filter>
    </ClInclude>
    <ClInclude Include="C:\KamataEngine\DirectXGame\base\SafeDelete.h">
      <Filter>KamataEngine\Include</Filter>
    </ClInclude>
    <ClInclude Include="C:\KamataEngine\DirectXGame\2d\Sprite.h">
      <Filter>KamataEngine\Include</Filter>
    </ClInclude>
    <ClInclude Include="C:\KamataEngine\DirectXGame\base\TextureManager.h">
      <Filter>KamataEngine\Include</Filter>
    </ClInclude>
    <ClInclude Include="C:\KamataEngine\DirectXGame\3d\ViewProjection.h">
      <Filter>KamataEngine\Include</Filter>
    </ClInclude>
    <ClInclude Include="C:\KamataEngine\DirectXGame\base\WinApp.h">
      <Filter>KamataEngine\Include</Filter>
    </ClInclude>
    <ClInclude Include="C:\KamataEngine\DirectXGame\3d\WorldTransform.h">
      <Filter>KamataEngine\Include</Filter>
    </ClInclude>
    <ClInclude Include="C:\KamataEngine\Adapter\Novice.h">
      <Filter>KamataEngine\Adapter</Filter>
    </ClInclude>
    <ClInclude Include="C:\KamataEngine\DirectXGame\3d\CircleShadow.h">
      <Filter>KamataEngine\Include</Filter>
    </ClInclude>
    <ClInclude Include="C:\KamataEngine\DirectXGame\3d\DebugCamera.h">
      <Filter>KamataEngine\Include</Filter>
    </ClInclude>
    <ClInclude Include="C:\KamataEngine\DirectXGame\3d\DirectionalLight.h">
      <Filter>KamataEngine\Include</Filter>
    </ClInclude>
    <ClInclude Include="C:\KamataEngine\DirectXGame\3d\LightGroup.h">
      <Filter>KamataEngine\Include</Filter>
    </ClInclude>
    <ClInclude Include="C:\KamataEngine\DirectXGame\3d\Material.h">
      <Filter>KamataEngine\Include</Filter>
    </ClInclude>
    <ClInclude Include="C:\KamataEngine\DirectXGame\3d\Mesh.h">
      <Filter>KamataEngine\Include</Filter>
    </ClInclude>
    <ClInclude Include="C:\KamataEngine\DirectXGame\3d\PointLight.h">
      <Filter>KamataEngine\Include</Filter>
    </ClInclude>
    <ClInclude Include="C:\KamataEngine\DirectXGame\3d\SpotLight.h">
      <Filter>KamataEngine\Include</Filter>
    </ClInclude>
    <ClInclude Include="C:\KamataEngine\DirectXGame\base\StringUtility.h">
      <Filter>KamataEngine\Include</Filter>
    </ClInclude>
    <ClInclude Include="Camera.h">
      <Filter>Camera</Filter>
    </ClInclude>
    <ClInclude Include="InGame.h">
      <Filter>Scene</Filter>
    </ClInclude>
    <ClInclude Include="Thwomp.h">
      <Filter>Thwonp</Filter>
    </ClInclude>
    <ClInclude Include="utils.h">
      <Filter>Defines</Filter>
    </ClInclude>
    <ClInclude Include="Matrix3x3.h">
      <Filter>Defines</Filter>
    </ClInclude>
    <ClInclude Include="Rendering.h">
      <Filter>Defines</Filter>
    </ClInclude>
    <ClInclude Include="DefenceTarget.h">
      <Filter>DefenceTarget</Filter>
    </ClInclude>
    <ClInclude Include="C:\KamataEngine\DirectXGame\math\Vector2.h">
      <Filter>Defines</Filter>
    </ClInclude>
    <ClInclude Include="C:\KamataEngine\DirectXGame\math\Matrix4x4.h">
      <Filter>Defines</Filter>
    </ClInclude>
    <ClInclude Include="C:\KamataEngine\DirectXGame\math\Vector3.h">
      <Filter>Defines</Filter>
    </ClInclude>
    <ClInclude Include="C:\KamataEngine\DirectXGame\math\Vector4.h">
      <Filter>Defines</Filter>
    </ClInclude>
    <ClInclude Include="C:\KamataEngine\DirectXGame\2d\ImGuiManager.h">
      <Filter>KamataEngine</Filter>
    </ClInclude>
    <ClInclude Include="CollisionAtrribute.h">
      <Filter>Defines</Filter>
    </ClInclude>
    <ClInclude Include="CrushingWall.h" />
    <ClInclude Include="Enemy.h" />
    <ClInclude Include="EnemyManager.h" />
    <ClInclude Include="Stage.h" />
    <ClInclude Include="RandomGenerator.h" />
    <ClInclude Include="Scene.h" />
    <ClInclude Include="SceneManager.h" />
    <ClInclude Include="Title.h" />
  </ItemGroup>
</Project>